
Microsoft Visual Studio Solution File, Format Version 11.00
# Visual Studio 2010
Project("{8BC9CEB8-8B4A-11D0-8D11-00A0C91BC942}") = "VE_BrazoRobot", "VE_BrazoRobot\VE_BrazoRobot.vcxproj", "{F72760AE-1D0C-4EE4-A7C7-2AF46C72B69B}"
EndProject
Global
	GlobalSection(SolutionConfigurationPlatforms) = preSolution
		Debug|Win32 = Debug|Win32
		Release|Win32 = Release|Win32
	EndGlobalSection
	GlobalSection(ProjectConfigurationPlatforms) = postSolution
		{F72760AE-1D0C-4EE4-A7C7-2AF46C72B69B}.Debug|Win32.ActiveCfg = Debug|Win32
		{F72760AE-1D0C-4EE4-A7C7-2AF46C72B69B}.Debug|Win32.Build.0 = Debug|Win32
		{F72760AE-1D0C-4EE4-A7C7-2AF46C72B69B}.Release|Win32.ActiveCfg = Release|Win32
		{F72760AE-1D0C-4EE4-A7C7-2AF46C72B69B}.Release|Win32.Build.0 = Release|Win32
	EndGlobalSection
	GlobalSection(SolutionProperties) = preSolution
		HideSolutionNode = FALSE
	EndGlobalSection
EndGlobal
